
Microsoft Visual Studio Solution File, Format Version 12.00
Project("{FAE04EC0-301F-11D3-BF4B-00C04F79EFBC}") = "CozyCommandLineParser", "CozyCommandLineParser\CozyCommandLineParser.csproj", "{B777CB91-7D76-4CCF-BFAE-AD1018407532}"
EndProject
Project("{FAE04EC0-301F-11D3-BF4B-00C04F79EFBC}") = "SampleProject", "SampleProject\SampleProject.csproj", "{2FD3A89C-1235-4F35-ABF1-91A7AC7A9D77}"
EndProject
Project("{FAE04EC0-301F-11D3-BF4B-00C04F79EFBC}") = "Tests", "Tests\Tests.csproj", "{B5320D7E-F0FE-4D9D-89FC-8AC5A08FC52C}"
EndProject
Global
	GlobalSection(SolutionConfigurationPlatforms) = preSolution
		Debug|Any CPU = Debug|Any CPU
		Release|Any CPU = Release|Any CPU
	EndGlobalSection
	GlobalSection(ProjectConfigurationPlatforms) = postSolution
		{B777CB91-7D76-4CCF-BFAE-AD1018407532}.Debug|Any CPU.ActiveCfg = Debug|Any CPU
		{B777CB91-7D76-4CCF-BFAE-AD1018407532}.Debug|Any CPU.Build.0 = Debug|Any CPU
		{B777CB91-7D76-4CCF-BFAE-AD1018407532}.Release|Any CPU.ActiveCfg = Release|Any CPU
		{B777CB91-7D76-4CCF-BFAE-AD1018407532}.Release|Any CPU.Build.0 = Release|Any CPU
		{2FD3A89C-1235-4F35-ABF1-91A7AC7A9D77}.Debug|Any CPU.ActiveCfg = Debug|Any CPU
		{2FD3A89C-1235-4F35-ABF1-91A7AC7A9D77}.Debug|Any CPU.Build.0 = Debug|Any CPU
		{2FD3A89C-1235-4F35-ABF1-91A7AC7A9D77}.Release|Any CPU.ActiveCfg = Release|Any CPU
		{2FD3A89C-1235-4F35-ABF1-91A7AC7A9D77}.Release|Any CPU.Build.0 = Release|Any CPU
		{B5320D7E-F0FE-4D9D-89FC-8AC5A08FC52C}.Debug|Any CPU.ActiveCfg = Debug|Any CPU
		{B5320D7E-F0FE-4D9D-89FC-8AC5A08FC52C}.Debug|Any CPU.Build.0 = Debug|Any CPU
		{B5320D7E-F0FE-4D9D-89FC-8AC5A08FC52C}.Release|Any CPU.ActiveCfg = Release|Any CPU
		{B5320D7E-F0FE-4D9D-89FC-8AC5A08FC52C}.Release|Any CPU.Build.0 = Release|Any CPU
	EndGlobalSection
EndGlobal
